Microsoft Visual Studio Solution File, Format Version 12.00
# Visual Studio Version 17
VisualStudioVersion = 17.5.2.0
MinimumVisualStudioVersion = 10.0.40219.1
Project("{2150E333-8FDC-42A3-9474-1A3956D46DE8}") = "lambdaflow", "lambdaflow", "{14D01845-0EB2-12CE-AF22-1DD63F3AC76E}"
EndProject
Project("{2150E333-8FDC-42A3-9474-1A3956D46DE8}") = "Examples", "Examples", "{B36A84DF-456D-A817-6EDD-3EC3E7F6E11F}"
EndProject
Project("{2150E333-8FDC-42A3-9474-1A3956D46DE8}") = "Core", "Core", "{AB3F1284-0E1D-C739-90ED-5F987FF03A41}"
EndProject
Project("{FAE04EC0-301F-11D3-BF4B-00C04F79EFBC}") = "lambdaflow.core.", "lambdaflow\Core\lambdaflow.core..csproj", "{2699063A-E00A-1B60-B857-21E6ACCF311C}"
EndProject
Project("{2150E333-8FDC-42A3-9474-1A3956D46DE8}") = "CSharp", "CSharp", "{06E8C8A7-A0E8-98DE-8946-9CF52B15DA27}"
EndProject
Project("{FAE04EC0-301F-11D3-BF4B-00C04F79EFBC}") = "Backend", "Examples\CSharp\backend\Backend.csproj", "{464DB4EF-7592-CDAA-6C8C-9A09BE6C8EC6}"
EndProject
Project("{2150E333-8FDC-42A3-9474-1A3956D46DE8}") = "Hosts", "Hosts", "{97C2DA76-6CCD-CA40-BC0B-0E186E9B8FAB}"
EndProject
Project("{2150E333-8FDC-42A3-9474-1A3956D46DE8}") = "Windows", "Windows", "{98BFEEB4-055D-4EC3-165F-5BB3E5C438C3}"
EndProject
Project("{FAE04EC0-301F-11D3-BF4B-00C04F79EFBC}") = "lambdaflow.windows", "lambdaflow\Hosts\Windows\lambdaflow.windows.csproj", "{E98AA65C-7812-1ED4-A5CA-61FB07CE358D}"
EndProject
Project("{2150E333-8FDC-42A3-9474-1A3956D46DE8}") = "Tools", "Tools", "{F9BCB4C4-4C06-4A54-8D19-375995A98324}"
EndProject
Project("{FAE04EC0-301F-11D3-BF4B-00C04F79EFBC}") = "LambdaFlow.Cli", "lambdaflow\Tools\LambdaFlow.Cli\LambdaFlow.Cli.csproj", "{A7781D4D-95AB-4DB8-A1EA-33120A37F8F2}"
EndProject
Global
	GlobalSection(SolutionConfigurationPlatforms) = preSolution
		Debug|Any CPU = Debug|Any CPU
		Release|Any CPU = Release|Any CPU
	EndGlobalSection
	GlobalSection(ProjectConfigurationPlatforms) = postSolution
		{2699063A-E00A-1B60-B857-21E6ACCF311C}.Debug|Any CPU.ActiveCfg = Debug|Any CPU
		{2699063A-E00A-1B60-B857-21E6ACCF311C}.Debug|Any CPU.Build.0 = Debug|Any CPU
		{2699063A-E00A-1B60-B857-21E6ACCF311C}.Release|Any CPU.ActiveCfg = Release|Any CPU
		{2699063A-E00A-1B60-B857-21E6ACCF311C}.Release|Any CPU.Build.0 = Release|Any CPU
		{464DB4EF-7592-CDAA-6C8C-9A09BE6C8EC6}.Debug|Any CPU.ActiveCfg = Debug|Any CPU
		{464DB4EF-7592-CDAA-6C8C-9A09BE6C8EC6}.Debug|Any CPU.Build.0 = Debug|Any CPU
		{464DB4EF-7592-CDAA-6C8C-9A09BE6C8EC6}.Release|Any CPU.ActiveCfg = Release|Any CPU
		{464DB4EF-7592-CDAA-6C8C-9A09BE6C8EC6}.Release|Any CPU.Build.0 = Release|Any CPU
		{E98AA65C-7812-1ED4-A5CA-61FB07CE358D}.Debug|Any CPU.ActiveCfg = Debug|Any CPU
		{E98AA65C-7812-1ED4-A5CA-61FB07CE358D}.Debug|Any CPU.Build.0 = Debug|Any CPU
		{E98AA65C-7812-1ED4-A5CA-61FB07CE358D}.Release|Any CPU.ActiveCfg = Release|Any CPU
		{E98AA65C-7812-1ED4-A5CA-61FB07CE358D}.Release|Any CPU.Build.0 = Release|Any CPU
		{A7781D4D-95AB-4DB8-A1EA-33120A37F8F2}.Debug|Any CPU.ActiveCfg = Debug|Any CPU
		{A7781D4D-95AB-4DB8-A1EA-33120A37F8F2}.Debug|Any CPU.Build.0 = Debug|Any CPU
		{A7781D4D-95AB-4DB8-A1EA-33120A37F8F2}.Release|Any CPU.ActiveCfg = Release|Any CPU
		{A7781D4D-95AB-4DB8-A1EA-33120A37F8F2}.Release|Any CPU.Build.0 = Release|Any CPU
	EndGlobalSection
	GlobalSection(SolutionProperties) = preSolution
		HideSolutionNode = FALSE
	EndGlobalSection
	GlobalSection(NestedProjects) = preSolution
		{AB3F1284-0E1D-C739-90ED-5F987FF03A41} = {14D01845-0EB2-12CE-AF22-1DD63F3AC76E}
		{2699063A-E00A-1B60-B857-21E6ACCF311C} = {AB3F1284-0E1D-C739-90ED-5F987FF03A41}
		{06E8C8A7-A0E8-98DE-8946-9CF52B15DA27} = {B36A84DF-456D-A817-6EDD-3EC3E7F6E11F}
		{464DB4EF-7592-CDAA-6C8C-9A09BE6C8EC6} = {06E8C8A7-A0E8-98DE-8946-9CF52B15DA27}
		{97C2DA76-6CCD-CA40-BC0B-0E186E9B8FAB} = {14D01845-0EB2-12CE-AF22-1DD63F3AC76E}
		{98BFEEB4-055D-4EC3-165F-5BB3E5C438C3} = {97C2DA76-6CCD-CA40-BC0B-0E186E9B8FAB}
		{E98AA65C-7812-1ED4-A5CA-61FB07CE358D} = {98BFEEB4-055D-4EC3-165F-5BB3E5C438C3}
		{F9BCB4C4-4C06-4A54-8D19-375995A98324} = {14D01845-0EB2-12CE-AF22-1DD63F3AC76E}
		{A7781D4D-95AB-4DB8-A1EA-33120A37F8F2} = {F9BCB4C4-4C06-4A54-8D19-375995A98324}
	EndGlobalSection
	GlobalSection(ExtensibilityGlobals) = postSolution
		SolutionGuid = {C992B44A-6392-4112-B50B-B13C61C98257}
	EndGlobalSection
EndGlobal
